
Microsoft Visual Studio Solution File, Format Version 12.00
# Visual Studio Version 17
VisualStudioVersion = 17.2.32630.192
MinimumVisualStudioVersion = 10.0.40219.1
Project("{9A19103F-16F7-4668-BE54-9A1E7A4F7556}") = "Kata_Diamond", "CodingDojoProblems\Kata_Diamond.csproj", "{BB8F3CEB-D9EE-43D8-A88C-04641F689138}"
EndProject
Project("{9A19103F-16F7-4668-BE54-9A1E7A4F7556}") = "Kata_GameOfLife", "Kata_1\Kata_GameOfLife.csproj", "{8A04BFBF-F98A-442D-AE81-EAB4C23EF429}"
EndProject
Project("{9A19103F-16F7-4668-BE54-9A1E7A4F7556}") = "Kata_SocialNetwork", "Kata_SocialNetwork\Kata_SocialNetwork.csproj", "{DEFB29DB-AF93-4D8E-8B35-39A5CD601F3A}"
EndProject
Project("{FAE04EC0-301F-11D3-BF4B-00C04F79EFBC}") = "Kata_FizzBuzz", "Kata_FizzBuzz\Kata_FizzBuzz.csproj", "{1F596827-5A31-4C15-8155-6537F6E832A6}"
EndProject
Global
	GlobalSection(SolutionConfigurationPlatforms) = preSolution
		Debug|Any CPU = Debug|Any CPU
		Release|Any CPU = Release|Any CPU
	EndGlobalSection
	GlobalSection(ProjectConfigurationPlatforms) = postSolution
		{BB8F3CEB-D9EE-43D8-A88C-04641F689138}.Debug|Any CPU.ActiveCfg = Debug|Any CPU
		{BB8F3CEB-D9EE-43D8-A88C-04641F689138}.Debug|Any CPU.Build.0 = Debug|Any CPU
		{BB8F3CEB-D9EE-43D8-A88C-04641F689138}.Release|Any CPU.ActiveCfg = Release|Any CPU
		{BB8F3CEB-D9EE-43D8-A88C-04641F689138}.Release|Any CPU.Build.0 = Release|Any CPU
		{8A04BFBF-F98A-442D-AE81-EAB4C23EF429}.Debug|Any CPU.ActiveCfg = Debug|Any CPU
		{8A04BFBF-F98A-442D-AE81-EAB4C23EF429}.Debug|Any CPU.Build.0 = Debug|Any CPU
		{8A04BFBF-F98A-442D-AE81-EAB4C23EF429}.Release|Any CPU.ActiveCfg = Release|Any CPU
		{8A04BFBF-F98A-442D-AE81-EAB4C23EF429}.Release|Any CPU.Build.0 = Release|Any CPU
		{DEFB29DB-AF93-4D8E-8B35-39A5CD601F3A}.Debug|Any CPU.ActiveCfg = Debug|Any CPU
		{DEFB29DB-AF93-4D8E-8B35-39A5CD601F3A}.Debug|Any CPU.Build.0 = Debug|Any CPU
		{DEFB29DB-AF93-4D8E-8B35-39A5CD601F3A}.Release|Any CPU.ActiveCfg = Release|Any CPU
		{DEFB29DB-AF93-4D8E-8B35-39A5CD601F3A}.Release|Any CPU.Build.0 = Release|Any CPU
		{1F596827-5A31-4C15-8155-6537F6E832A6}.Debug|Any CPU.ActiveCfg = Debug|Any CPU
		{1F596827-5A31-4C15-8155-6537F6E832A6}.Debug|Any CPU.Build.0 = Debug|Any CPU
		{1F596827-5A31-4C15-8155-6537F6E832A6}.Release|Any CPU.ActiveCfg = Release|Any CPU
		{1F596827-5A31-4C15-8155-6537F6E832A6}.Release|Any CPU.Build.0 = Release|Any CPU
	EndGlobalSection
	GlobalSection(SolutionProperties) = preSolution
		HideSolutionNode = FALSE
	EndGlobalSection
	GlobalSection(ExtensibilityGlobals) = postSolution
		SolutionGuid = {8DC576F6-C80D-4082-91FF-F645CA5EF110}
	EndGlobalSection
EndGlobal
